
Microsoft Visual Studio Solution File, Format Version 12.00
# Visual Studio Version 17
VisualStudioVersion = 17.12.35527.113
MinimumVisualStudioVersion = 10.0.40219.1
Project("{2150E333-8FDC-42A3-9474-1A3956D46DE8}") = "Frontends", "Frontends", "{D6337DB4-67FD-461A-9B16-96A3AEBED755}"
EndProject
Project("{2150E333-8FDC-42A3-9474-1A3956D46DE8}") = "Services", "Services", "{C5BD7A06-F48B-4F66-A480-AF4821EEECD2}"
EndProject
Project("{FAE04EC0-301F-11D3-BF4B-00C04F79EFBC}") = "ECommerce.WebUI", "Frontends\ECommerce.WebUI\ECommerce.WebUI.csproj", "{CE3E41D9-DA5B-454F-A5D2-7C6E8B716693}"
EndProject
Project("{2150E333-8FDC-42A3-9474-1A3956D46DE8}") = "Catalog", "Catalog", "{E1E030B2-DDAD-4967-A456-FF14A941A643}"
EndProject
Project("{FAE04EC0-301F-11D3-BF4B-00C04F79EFBC}") = "ECommerce.Catalog", "Services\Catalog\ECommerce.Catalog\ECommerce.Catalog.csproj", "{3B62DCD1-3040-4DB1-B188-A8E1A5A09F31}"
EndProject
Project("{2150E333-8FDC-42A3-9474-1A3956D46DE8}") = "Discount", "Discount", "{E62959B2-B3F3-4C7F-813D-BB1E6CBF07F4}"
EndProject
Project("{2150E333-8FDC-42A3-9474-1A3956D46DE8}") = "Solution Items", "Solution Items", "{4B6EF5F8-1828-4C2A-A28D-D31848722CE5}"
	ProjectSection(SolutionItems) = preProject
		.gitattributes = .gitattributes
		.gitignore = .gitignore
		Info.txt = Info.txt
	EndProjectSection
EndProject
Project("{FAE04EC0-301F-11D3-BF4B-00C04F79EFBC}") = "ECommerce.Discount", "Services\Discount\ECommerce.Discount\ECommerce.Discount.csproj", "{44CD5977-4CBD-4632-81D1-3B44DEFC3E3F}"
EndProject
Project("{2150E333-8FDC-42A3-9474-1A3956D46DE8}") = "Order", "Order", "{B746F775-751B-489A-B347-1214EBF58187}"
EndProject
Project("{2150E333-8FDC-42A3-9474-1A3956D46DE8}") = "Core", "Core", "{5C2C551A-084E-4062-A10F-83160B5DC456}"
EndProject
Project("{2150E333-8FDC-42A3-9474-1A3956D46DE8}") = "Infrastructure", "Infrastructure", "{A7E621F5-EF33-4D56-9589-FF91C55B6074}"
EndProject
Project("{2150E333-8FDC-42A3-9474-1A3956D46DE8}") = "Presentation", "Presentation", "{B794DF6C-A844-4497-83AC-9BC458992F3E}"
EndProject
Project("{FAE04EC0-301F-11D3-BF4B-00C04F79EFBC}") = "ECommerce.Order.Application", "Services\Order\Core\ECommerce.Order.Application\ECommerce.Order.Application.csproj", "{8CC868AE-BE8C-4D97-A9BC-A7A22D6E37AF}"
EndProject
Project("{FAE04EC0-301F-11D3-BF4B-00C04F79EFBC}") = "ECommerce.Order.Domain", "Services\Order\Core\ECommerce.Order.Domain\ECommerce.Order.Domain.csproj", "{2694FD3C-5D1E-44B4-B42C-B16BAC81A11D}"
EndProject
Project("{FAE04EC0-301F-11D3-BF4B-00C04F79EFBC}") = "ECommerce.Order.Persistence", "Services\Order\Infrastructure\ECommerce.Order.Persistence\ECommerce.Order.Persistence.csproj", "{D5FE18A9-AA48-400C-BD8D-3ED9E5D0C559}"
EndProject
Project("{FAE04EC0-301F-11D3-BF4B-00C04F79EFBC}") = "ECommerce.Order.WebApi", "Services\Order\Presentation\ECommerce.Order.WebApi\ECommerce.Order.WebApi.csproj", "{35CC7786-724D-4EC4-9943-B7166D745839}"
EndProject
Project("{2150E333-8FDC-42A3-9474-1A3956D46DE8}") = "IdentityServer", "IdentityServer", "{388450E4-6ECC-425F-BABB-A8D63AF6104E}"
EndProject
Project("{FAE04EC0-301F-11D3-BF4B-00C04F79EFBC}") = "ECommerce.IdentityServer", "IdentityServer\ECommerce.IdentityServer\ECommerce.IdentityServer.csproj", "{2E0ED1ED-DDAB-43A4-BAFD-E7E7BE46F221}"
EndProject
Project("{2150E333-8FDC-42A3-9474-1A3956D46DE8}") = "Cargo", "Cargo", "{D9AED865-641F-4B1D-ADD9-242CCFC27E6F}"
EndProject
Project("{FAE04EC0-301F-11D3-BF4B-00C04F79EFBC}") = "ECommerce.Cargo.BusinessLayer", "Services\Cargo\ECommerce.Cargo.BusinessLayer\ECommerce.Cargo.BusinessLayer.csproj", "{1EFFF278-A3E1-4A5C-A60D-0D2020F86DE0}"
EndProject
Project("{FAE04EC0-301F-11D3-BF4B-00C04F79EFBC}") = "ECommerce.Cargo.DataAccessLayer", "Services\Cargo\ECommerce.Cargo.DataAccessLayer\ECommerce.Cargo.DataAccessLayer.csproj", "{EA799653-8ACE-4E72-A751-3077568CC2CB}"
EndProject
Project("{FAE04EC0-301F-11D3-BF4B-00C04F79EFBC}") = "ECommerce.Cargo.DtoLayer", "Services\Cargo\ECommerce.Cargo.DtoLayer\ECommerce.Cargo.DtoLayer.csproj", "{A4A7E319-C201-424A-8024-1A7D7C9AEFE3}"
EndProject
Project("{FAE04EC0-301F-11D3-BF4B-00C04F79EFBC}") = "ECommerce.Cargo.EntityLayer", "Services\Cargo\ECommerce.Cargo.EntityLayer\ECommerce.Cargo.EntityLayer.csproj", "{1B5AB6E0-4574-470F-B9AD-17C9A13D7322}"
EndProject
Project("{FAE04EC0-301F-11D3-BF4B-00C04F79EFBC}") = "ECommerce.Cargo.WebApi", "Services\Cargo\ECommerce.Cargo.WebApi\ECommerce.Cargo.WebApi.csproj", "{C0CE14B9-1619-4ED8-B249-FCAB8F73991A}"
EndProject
Project("{2150E333-8FDC-42A3-9474-1A3956D46DE8}") = "Basket", "Basket", "{11F2E4D3-7E82-4292-9412-93950D44B6E7}"
EndProject
Project("{FAE04EC0-301F-11D3-BF4B-00C04F79EFBC}") = "ECommerce.Basket", "Services\Basket\ECommerce.Basket\ECommerce.Basket.csproj", "{FBDBF83C-1107-4A3D-90CA-5312AA810116}"
EndProject
Project("{FAE04EC0-301F-11D3-BF4B-00C04F79EFBC}") = "ECommerce.DtoLayer", "Frontends\ECommerce.DtoLayer\ECommerce.DtoLayer.csproj", "{ACB5B9A2-8206-43D8-B528-216DEEEBFDE7}"
EndProject
Project("{2150E333-8FDC-42A3-9474-1A3956D46DE8}") = "Comment", "Comment", "{2EC739AA-2A6A-43AC-8538-65F94A4199D4}"
EndProject
Project("{FAE04EC0-301F-11D3-BF4B-00C04F79EFBC}") = "ECommerce.Comment", "Services\Comment\ECommerce.Comment\ECommerce.Comment.csproj", "{67B24015-C8B9-4067-805D-D5593B9F858B}"
EndProject
Project("{2150E333-8FDC-42A3-9474-1A3956D46DE8}") = "ApiGateway", "ApiGateway", "{02EA681E-C7D8-13C7-8484-4AC65E1B71E8}"
EndProject
Project("{FAE04EC0-301F-11D3-BF4B-00C04F79EFBC}") = "ECommerce.OcelotGateway", "ApiGateway\ECommerce.OcelotGateway\ECommerce.OcelotGateway.csproj", "{C2BC1572-69E1-4F1A-BDC5-D2938238C10A}"
EndProject
Project("{2150E333-8FDC-42A3-9474-1A3956D46DE8}") = "Payment", "Payment", "{D06D47F0-8F54-4D73-97F0-42A793ECEE1C}"
EndProject
Project("{FAE04EC0-301F-11D3-BF4B-00C04F79EFBC}") = "ECommerce.Payment", "Services\Payment\ECommerce.Payment\ECommerce.Payment.csproj", "{87981D55-2287-41DA-8270-DE5D6C061C54}"
EndProject
Project("{2150E333-8FDC-42A3-9474-1A3956D46DE8}") = "Images", "Images", "{8AB324AF-C185-4320-8BCF-6851D32E9800}"
EndProject
Project("{FAE04EC0-301F-11D3-BF4B-00C04F79EFBC}") = "ECommerce.Images", "Services\Images\ECommerce.Images\ECommerce.Images.csproj", "{2A3FE26A-1C23-43AD-8F0D-4AB01287D18C}"
EndProject
Global
	GlobalSection(SolutionConfigurationPlatforms) = preSolution
		Debug|Any CPU = Debug|Any CPU
		Release|Any CPU = Release|Any CPU
	EndGlobalSection
	GlobalSection(ProjectConfigurationPlatforms) = postSolution
		{CE3E41D9-DA5B-454F-A5D2-7C6E8B716693}.Debug|Any CPU.ActiveCfg = Debug|Any CPU
		{CE3E41D9-DA5B-454F-A5D2-7C6E8B716693}.Debug|Any CPU.Build.0 = Debug|Any CPU
		{CE3E41D9-DA5B-454F-A5D2-7C6E8B716693}.Release|Any CPU.ActiveCfg = Release|Any CPU
		{CE3E41D9-DA5B-454F-A5D2-7C6E8B716693}.Release|Any CPU.Build.0 = Release|Any CPU
		{3B62DCD1-3040-4DB1-B188-A8E1A5A09F31}.Debug|Any CPU.ActiveCfg = Debug|Any CPU
		{3B62DCD1-3040-4DB1-B188-A8E1A5A09F31}.Debug|Any CPU.Build.0 = Debug|Any CPU
		{3B62DCD1-3040-4DB1-B188-A8E1A5A09F31}.Release|Any CPU.ActiveCfg = Release|Any CPU
		{3B62DCD1-3040-4DB1-B188-A8E1A5A09F31}.Release|Any CPU.Build.0 = Release|Any CPU
		{44CD5977-4CBD-4632-81D1-3B44DEFC3E3F}.Debug|Any CPU.ActiveCfg = Debug|Any CPU
		{44CD5977-4CBD-4632-81D1-3B44DEFC3E3F}.Debug|Any CPU.Build.0 = Debug|Any CPU
		{44CD5977-4CBD-4632-81D1-3B44DEFC3E3F}.Release|Any CPU.ActiveCfg = Release|Any CPU
		{44CD5977-4CBD-4632-81D1-3B44DEFC3E3F}.Release|Any CPU.Build.0 = Release|Any CPU
		{8CC868AE-BE8C-4D97-A9BC-A7A22D6E37AF}.Debug|Any CPU.ActiveCfg = Debug|Any CPU
		{8CC868AE-BE8C-4D97-A9BC-A7A22D6E37AF}.Debug|Any CPU.Build.0 = Debug|Any CPU
		{8CC868AE-BE8C-4D97-A9BC-A7A22D6E37AF}.Release|Any CPU.ActiveCfg = Release|Any CPU
		{8CC868AE-BE8C-4D97-A9BC-A7A22D6E37AF}.Release|Any CPU.Build.0 = Release|Any CPU
		{2694FD3C-5D1E-44B4-B42C-B16BAC81A11D}.Debug|Any CPU.ActiveCfg = Debug|Any CPU
		{2694FD3C-5D1E-44B4-B42C-B16BAC81A11D}.Debug|Any CPU.Build.0 = Debug|Any CPU
		{2694FD3C-5D1E-44B4-B42C-B16BAC81A11D}.Release|Any CPU.ActiveCfg = Release|Any CPU
		{2694FD3C-5D1E-44B4-B42C-B16BAC81A11D}.Release|Any CPU.Build.0 = Release|Any CPU
		{D5FE18A9-AA48-400C-BD8D-3ED9E5D0C559}.Debug|Any CPU.ActiveCfg = Debug|Any CPU
		{D5FE18A9-AA48-400C-BD8D-3ED9E5D0C559}.Debug|Any CPU.Build.0 = Debug|Any CPU
		{D5FE18A9-AA48-400C-BD8D-3ED9E5D0C559}.Release|Any CPU.ActiveCfg = Release|Any CPU
		{D5FE18A9-AA48-400C-BD8D-3ED9E5D0C559}.Release|Any CPU.Build.0 = Release|Any CPU
		{35CC7786-724D-4EC4-9943-B7166D745839}.Debug|Any CPU.ActiveCfg = Debug|Any CPU
		{35CC7786-724D-4EC4-9943-B7166D745839}.Debug|Any CPU.Build.0 = Debug|Any CPU
		{35CC7786-724D-4EC4-9943-B7166D745839}.Release|Any CPU.ActiveCfg = Release|Any CPU
		{35CC7786-724D-4EC4-9943-B7166D745839}.Release|Any CPU.Build.0 = Release|Any CPU
		{2E0ED1ED-DDAB-43A4-BAFD-E7E7BE46F221}.Debug|Any CPU.ActiveCfg = Debug|Any CPU
		{2E0ED1ED-DDAB-43A4-BAFD-E7E7BE46F221}.Debug|Any CPU.Build.0 = Debug|Any CPU
		{2E0ED1ED-DDAB-43A4-BAFD-E7E7BE46F221}.Release|Any CPU.ActiveCfg = Release|Any CPU
		{2E0ED1ED-DDAB-43A4-BAFD-E7E7BE46F221}.Release|Any CPU.Build.0 = Release|Any CPU
		{1EFFF278-A3E1-4A5C-A60D-0D2020F86DE0}.Debug|Any CPU.ActiveCfg = Debug|Any CPU
		{1EFFF278-A3E1-4A5C-A60D-0D2020F86DE0}.Debug|Any CPU.Build.0 = Debug|Any CPU
		{1EFFF278-A3E1-4A5C-A60D-0D2020F86DE0}.Release|Any CPU.ActiveCfg = Release|Any CPU
		{1EFFF278-A3E1-4A5C-A60D-0D2020F86DE0}.Release|Any CPU.Build.0 = Release|Any CPU
		{EA799653-8ACE-4E72-A751-3077568CC2CB}.Debug|Any CPU.ActiveCfg = Debug|Any CPU
		{EA799653-8ACE-4E72-A751-3077568CC2CB}.Debug|Any CPU.Build.0 = Debug|Any CPU
		{EA799653-8ACE-4E72-A751-3077568CC2CB}.Release|Any CPU.ActiveCfg = Release|Any CPU
		{EA799653-8ACE-4E72-A751-3077568CC2CB}.Release|Any CPU.Build.0 = Release|Any CPU
		{A4A7E319-C201-424A-8024-1A7D7C9AEFE3}.Debug|Any CPU.ActiveCfg = Debug|Any CPU
		{A4A7E319-C201-424A-8024-1A7D7C9AEFE3}.Debug|Any CPU.Build.0 = Debug|Any CPU
		{A4A7E319-C201-424A-8024-1A7D7C9AEFE3}.Release|Any CPU.ActiveCfg = Release|Any CPU
		{A4A7E319-C201-424A-8024-1A7D7C9AEFE3}.Release|Any CPU.Build.0 = Release|Any CPU
		{1B5AB6E0-4574-470F-B9AD-17C9A13D7322}.Debug|Any CPU.ActiveCfg = Debug|Any CPU
		{1B5AB6E0-4574-470F-B9AD-17C9A13D7322}.Debug|Any CPU.Build.0 = Debug|Any CPU
		{1B5AB6E0-4574-470F-B9AD-17C9A13D7322}.Release|Any CPU.ActiveCfg = Release|Any CPU
		{1B5AB6E0-4574-470F-B9AD-17C9A13D7322}.Release|Any CPU.Build.0 = Release|Any CPU
		{C0CE14B9-1619-4ED8-B249-FCAB8F73991A}.Debug|Any CPU.ActiveCfg = Debug|Any CPU
		{C0CE14B9-1619-4ED8-B249-FCAB8F73991A}.Debug|Any CPU.Build.0 = Debug|Any CPU
		{C0CE14B9-1619-4ED8-B249-FCAB8F73991A}.Release|Any CPU.ActiveCfg = Release|Any CPU
		{C0CE14B9-1619-4ED8-B249-FCAB8F73991A}.Release|Any CPU.Build.0 = Release|Any CPU
		{FBDBF83C-1107-4A3D-90CA-5312AA810116}.Debug|Any CPU.ActiveCfg = Debug|Any CPU
		{FBDBF83C-1107-4A3D-90CA-5312AA810116}.Debug|Any CPU.Build.0 = Debug|Any CPU
		{FBDBF83C-1107-4A3D-90CA-5312AA810116}.Release|Any CPU.ActiveCfg = Release|Any CPU
		{FBDBF83C-1107-4A3D-90CA-5312AA810116}.Release|Any CPU.Build.0 = Release|Any CPU
		{ACB5B9A2-8206-43D8-B528-216DEEEBFDE7}.Debug|Any CPU.ActiveCfg = Debug|Any CPU
		{ACB5B9A2-8206-43D8-B528-216DEEEBFDE7}.Debug|Any CPU.Build.0 = Debug|Any CPU
		{ACB5B9A2-8206-43D8-B528-216DEEEBFDE7}.Release|Any CPU.ActiveCfg = Release|Any CPU
		{ACB5B9A2-8206-43D8-B528-216DEEEBFDE7}.Release|Any CPU.Build.0 = Release|Any CPU
		{67B24015-C8B9-4067-805D-D5593B9F858B}.Debug|Any CPU.ActiveCfg = Debug|Any CPU
		{67B24015-C8B9-4067-805D-D5593B9F858B}.Debug|Any CPU.Build.0 = Debug|Any CPU
		{67B24015-C8B9-4067-805D-D5593B9F858B}.Release|Any CPU.ActiveCfg = Release|Any CPU
		{67B24015-C8B9-4067-805D-D5593B9F858B}.Release|Any CPU.Build.0 = Release|Any CPU
		{C2BC1572-69E1-4F1A-BDC5-D2938238C10A}.Debug|Any CPU.ActiveCfg = Debug|Any CPU
		{C2BC1572-69E1-4F1A-BDC5-D2938238C10A}.Debug|Any CPU.Build.0 = Debug|Any CPU
		{C2BC1572-69E1-4F1A-BDC5-D2938238C10A}.Release|Any CPU.ActiveCfg = Release|Any CPU
		{C2BC1572-69E1-4F1A-BDC5-D2938238C10A}.Release|Any CPU.Build.0 = Release|Any CPU
		{87981D55-2287-41DA-8270-DE5D6C061C54}.Debug|Any CPU.ActiveCfg = Debug|Any CPU
		{87981D55-2287-41DA-8270-DE5D6C061C54}.Debug|Any CPU.Build.0 = Debug|Any CPU
		{87981D55-2287-41DA-8270-DE5D6C061C54}.Release|Any CPU.ActiveCfg = Release|Any CPU
		{87981D55-2287-41DA-8270-DE5D6C061C54}.Release|Any CPU.Build.0 = Release|Any CPU
		{2A3FE26A-1C23-43AD-8F0D-4AB01287D18C}.Debug|Any CPU.ActiveCfg = Debug|Any CPU
		{2A3FE26A-1C23-43AD-8F0D-4AB01287D18C}.Debug|Any CPU.Build.0 = Debug|Any CPU
		{2A3FE26A-1C23-43AD-8F0D-4AB01287D18C}.Release|Any CPU.ActiveCfg = Release|Any CPU
		{2A3FE26A-1C23-43AD-8F0D-4AB01287D18C}.Release|Any CPU.Build.0 = Release|Any CPU
	EndGlobalSection
	GlobalSection(SolutionProperties) = preSolution
		HideSolutionNode = FALSE
	EndGlobalSection
	GlobalSection(NestedProjects) = preSolution
		{CE3E41D9-DA5B-454F-A5D2-7C6E8B716693} = {D6337DB4-67FD-461A-9B16-96A3AEBED755}
		{E1E030B2-DDAD-4967-A456-FF14A941A643} = {C5BD7A06-F48B-4F66-A480-AF4821EEECD2}
		{3B62DCD1-3040-4DB1-B188-A8E1A5A09F31} = {E1E030B2-DDAD-4967-A456-FF14A941A643}
		{E62959B2-B3F3-4C7F-813D-BB1E6CBF07F4} = {C5BD7A06-F48B-4F66-A480-AF4821EEECD2}
		{44CD5977-4CBD-4632-81D1-3B44DEFC3E3F} = {E62959B2-B3F3-4C7F-813D-BB1E6CBF07F4}
		{B746F775-751B-489A-B347-1214EBF58187} = {C5BD7A06-F48B-4F66-A480-AF4821EEECD2}
		{5C2C551A-084E-4062-A10F-83160B5DC456} = {B746F775-751B-489A-B347-1214EBF58187}
		{A7E621F5-EF33-4D56-9589-FF91C55B6074} = {B746F775-751B-489A-B347-1214EBF58187}
		{B794DF6C-A844-4497-83AC-9BC458992F3E} = {B746F775-751B-489A-B347-1214EBF58187}
		{8CC868AE-BE8C-4D97-A9BC-A7A22D6E37AF} = {5C2C551A-084E-4062-A10F-83160B5DC456}
		{2694FD3C-5D1E-44B4-B42C-B16BAC81A11D} = {5C2C551A-084E-4062-A10F-83160B5DC456}
		{D5FE18A9-AA48-400C-BD8D-3ED9E5D0C559} = {A7E621F5-EF33-4D56-9589-FF91C55B6074}
		{35CC7786-724D-4EC4-9943-B7166D745839} = {B794DF6C-A844-4497-83AC-9BC458992F3E}
		{2E0ED1ED-DDAB-43A4-BAFD-E7E7BE46F221} = {388450E4-6ECC-425F-BABB-A8D63AF6104E}
		{D9AED865-641F-4B1D-ADD9-242CCFC27E6F} = {C5BD7A06-F48B-4F66-A480-AF4821EEECD2}
		{1EFFF278-A3E1-4A5C-A60D-0D2020F86DE0} = {D9AED865-641F-4B1D-ADD9-242CCFC27E6F}
		{EA799653-8ACE-4E72-A751-3077568CC2CB} = {D9AED865-641F-4B1D-ADD9-242CCFC27E6F}
		{A4A7E319-C201-424A-8024-1A7D7C9AEFE3} = {D9AED865-641F-4B1D-ADD9-242CCFC27E6F}
		{1B5AB6E0-4574-470F-B9AD-17C9A13D7322} = {D9AED865-641F-4B1D-ADD9-242CCFC27E6F}
		{C0CE14B9-1619-4ED8-B249-FCAB8F73991A} = {D9AED865-641F-4B1D-ADD9-242CCFC27E6F}
		{11F2E4D3-7E82-4292-9412-93950D44B6E7} = {C5BD7A06-F48B-4F66-A480-AF4821EEECD2}
		{FBDBF83C-1107-4A3D-90CA-5312AA810116} = {11F2E4D3-7E82-4292-9412-93950D44B6E7}
		{ACB5B9A2-8206-43D8-B528-216DEEEBFDE7} = {D6337DB4-67FD-461A-9B16-96A3AEBED755}
		{2EC739AA-2A6A-43AC-8538-65F94A4199D4} = {C5BD7A06-F48B-4F66-A480-AF4821EEECD2}
		{67B24015-C8B9-4067-805D-D5593B9F858B} = {2EC739AA-2A6A-43AC-8538-65F94A4199D4}
		{C2BC1572-69E1-4F1A-BDC5-D2938238C10A} = {02EA681E-C7D8-13C7-8484-4AC65E1B71E8}
		{D06D47F0-8F54-4D73-97F0-42A793ECEE1C} = {C5BD7A06-F48B-4F66-A480-AF4821EEECD2}
		{87981D55-2287-41DA-8270-DE5D6C061C54} = {D06D47F0-8F54-4D73-97F0-42A793ECEE1C}
		{8AB324AF-C185-4320-8BCF-6851D32E9800} = {C5BD7A06-F48B-4F66-A480-AF4821EEECD2}
		{2A3FE26A-1C23-43AD-8F0D-4AB01287D18C} = {8AB324AF-C185-4320-8BCF-6851D32E9800}
	EndGlobalSection
	GlobalSection(ExtensibilityGlobals) = postSolution
		SolutionGuid = {E297F1B8-9E19-4610-B85F-D2DA54437A09}
	EndGlobalSection
EndGlobal
